
Microsoft Visual Studio Solution File, Format Version 10.00
# Visual Studio 2008
Project("{8BC9CEB8-8B4A-11D0-8D11-00A0C91BC942}") = "openssl_test", "openssl_test\openssl_test.vcproj", "{05A7F580-59CB-4473-A993-920152394592}"
EndProject
Global
	GlobalSection(SolutionConfigurationPlatforms) = preSolution
		Debug|Win32 = Debug|Win32
		Release|Win32 = Release|Win32
	EndGlobalSection
	GlobalSection(ProjectConfigurationPlatforms) = postSolution
		{05A7F580-59CB-4473-A993-920152394592}.Debug|Win32.ActiveCfg = Debug|Win32
		{05A7F580-59CB-4473-A993-920152394592}.Debug|Win32.Build.0 = Debug|Win32
		{05A7F580-59CB-4473-A993-920152394592}.Release|Win32.ActiveCfg = Release|Win32
		{05A7F580-59CB-4473-A993-920152394592}.Release|Win32.Build.0 = Release|Win32
	EndGlobalSection
	GlobalSection(SolutionProperties) = preSolution
		HideSolutionNode = FALSE
	EndGlobalSection
EndGlobal
