
Microsoft Visual Studio Solution File, Format Version 11.00
# Visual Studio 2010
Project("{8BC9CEB8-8B4A-11D0-8D11-00A0C91BC942}") = "DiskSpace", "DiskSpace\DiskSpace.vcxproj", "{D9C55DCF-271E-46E9-A8D6-F8E4A1341E2E}"
EndProject
Global
	GlobalSection(SolutionConfigurationPlatforms) = preSolution
		Debug|Win32 = Debug|Win32
		Release|Win32 = Release|Win32
	EndGlobalSection
	GlobalSection(ProjectConfigurationPlatforms) = postSolution
		{D9C55DCF-271E-46E9-A8D6-F8E4A1341E2E}.Debug|Win32.ActiveCfg = Debug|Win32
		{D9C55DCF-271E-46E9-A8D6-F8E4A1341E2E}.Debug|Win32.Build.0 = Debug|Win32
		{D9C55DCF-271E-46E9-A8D6-F8E4A1341E2E}.Release|Win32.ActiveCfg = Release|Win32
		{D9C55DCF-271E-46E9-A8D6-F8E4A1341E2E}.Release|Win32.Build.0 = Release|Win32
	EndGlobalSection
	GlobalSection(SolutionProperties) = preSolution
		HideSolutionNode = FALSE
	EndGlobalSection
EndGlobal
