
Microsoft Visual Studio Solution File, Format Version 11.00
# Visual Studio 2010
Project("{8BC9CEB8-8B4A-11D0-8D11-00A0C91BC942}") = "set_thread_name", "set_thread_name\set_thread_name.vcxproj", "{109840DE-D58B-4F02-A147-D86724D879A6}"
EndProject
Global
	GlobalSection(SolutionConfigurationPlatforms) = preSolution
		Debug|Win32 = Debug|Win32
		Release|Win32 = Release|Win32
	EndGlobalSection
	GlobalSection(ProjectConfigurationPlatforms) = postSolution
		{109840DE-D58B-4F02-A147-D86724D879A6}.Debug|Win32.ActiveCfg = Debug|Win32
		{109840DE-D58B-4F02-A147-D86724D879A6}.Debug|Win32.Build.0 = Debug|Win32
		{109840DE-D58B-4F02-A147-D86724D879A6}.Release|Win32.ActiveCfg = Release|Win32
		{109840DE-D58B-4F02-A147-D86724D879A6}.Release|Win32.Build.0 = Release|Win32
	EndGlobalSection
	GlobalSection(SolutionProperties) = preSolution
		HideSolutionNode = FALSE
	EndGlobalSection
EndGlobal
